
Microsoft Visual Studio Solution File, Format Version 12.00
# Visual Studio Version 16
VisualStudioVersion = 16.0.31402.337
MinimumVisualStudioVersion = 10.0.40219.1
Project("{FAE04EC0-301F-11D3-BF4B-00C04F79EFBC}") = "FanWan", "FanWan\FanWan.csproj", "{AA289D86-D45B-461E-96C8-E237A9D30762}"
EndProject
Project("{FAE04EC0-301F-11D3-BF4B-00C04F79EFBC}") = "FanWanDemo", "FanWanDemo\FanWanDemo.csproj", "{5B018111-B97F-4F71-BE6D-127B15D19D09}"
EndProject
Project("{FAE04EC0-301F-11D3-BF4B-00C04F79EFBC}") = "PipelineAvoidance", "PipelineAvoidance\PipelineAvoidance.csproj", "{4F110DA1-BDB4-4095-B934-99B24887E198}"
EndProject
Global
	GlobalSection(SolutionConfigurationPlatforms) = preSolution
		Debug|Any CPU = Debug|Any CPU
		Release|Any CPU = Release|Any CPU
	EndGlobalSection
	GlobalSection(ProjectConfigurationPlatforms) = postSolution
		{AA289D86-D45B-461E-96C8-E237A9D30762}.Debug|Any CPU.ActiveCfg = Debug|Any CPU
		{AA289D86-D45B-461E-96C8-E237A9D30762}.Debug|Any CPU.Build.0 = Debug|Any CPU
		{AA289D86-D45B-461E-96C8-E237A9D30762}.Release|Any CPU.ActiveCfg = Release|Any CPU
		{AA289D86-D45B-461E-96C8-E237A9D30762}.Release|Any CPU.Build.0 = Release|Any CPU
		{5B018111-B97F-4F71-BE6D-127B15D19D09}.Debug|Any CPU.ActiveCfg = Debug|Any CPU
		{5B018111-B97F-4F71-BE6D-127B15D19D09}.Debug|Any CPU.Build.0 = Debug|Any CPU
		{5B018111-B97F-4F71-BE6D-127B15D19D09}.Release|Any CPU.ActiveCfg = Release|Any CPU
		{5B018111-B97F-4F71-BE6D-127B15D19D09}.Release|Any CPU.Build.0 = Release|Any CPU
		{4F110DA1-BDB4-4095-B934-99B24887E198}.Debug|Any CPU.ActiveCfg = Debug|Any CPU
		{4F110DA1-BDB4-4095-B934-99B24887E198}.Debug|Any CPU.Build.0 = Debug|Any CPU
		{4F110DA1-BDB4-4095-B934-99B24887E198}.Release|Any CPU.ActiveCfg = Release|Any CPU
		{4F110DA1-BDB4-4095-B934-99B24887E198}.Release|Any CPU.Build.0 = Release|Any CPU
	EndGlobalSection
	GlobalSection(SolutionProperties) = preSolution
		HideSolutionNode = FALSE
	EndGlobalSection
	GlobalSection(ExtensibilityGlobals) = postSolution
		SolutionGuid = {A2207487-4F4F-4882-B2A6-746199E43162}
	EndGlobalSection
EndGlobal
